// !$*UTF8*$!
{
	archiveVersion = 1;
	classes = {
	};
	objectVersion = 46;
	objects = {

/* Begin PBXBuildFile section */
		F952307D1A82730F000FB86F /* AppDelegate.swift in Sources */ = {isa = PBXBuildFile; fileRef = F952307C1A82730F000FB86F /* AppDelegate.swift */; };
		F952307F1A82730F000FB86F /* ViewController.swift in Sources */ = {isa = PBXBuildFile; fileRef = F952307E1A82730F000FB86F /* ViewController.swift */; };
		F95230821A82730F000FB86F /* Main.storyboard in Resources */ = {isa = PBXBuildFile; fileRef = F95230801A82730F000FB86F /* Main.storyboard */; };
		F95230841A82730F000FB86F /* Images.xcassets in Resources */ = {isa = PBXBuildFile; fileRef = F95230831A82730F000FB86F /* Images.xcassets */; };
		F95230871A82730F000FB86F /* LaunchScreen.xib in Resources */ = {isa = PBXBuildFile; fileRef = F95230851A82730F000FB86F /* LaunchScreen.xib */; };
		F95230931A82730F000FB86F /* TabbyTabTabTests.swift in Sources */ = {isa = PBXBuildFile; fileRef = F95230921A82730F000FB86F /* TabbyTabTabTests.swift */; };
		F952309D1A8276BD000FB86F /* DownloadKittenViewController.swift in Sources */ = {isa = PBXBuildFile; fileRef = F952309C1A8276BD000FB86F /* DownloadKittenViewController.swift */; };
		F952309F1A8276D4000FB86F /* DisplayKittenViewController.swift in Sources */ = {isa = PBXBuildFile; fileRef = F952309E1A8276D4000FB86F /* DisplayKittenViewController.swift */; };
/* End PBXBuildFile section */

/* Begin PBXContainerItemProxy section */
		F952308D1A82730F000FB86F /* PBXContainerItemProxy */ = {
			isa = PBXContainerItemProxy;
			containerPortal = F952306F1A82730F000FB86F /* Project object */;
			proxyType = 1;
			remoteGlobalIDString = F95230761A82730F000FB86F;
			remoteInfo = TabbyTabTab;
		};
/* End PBXContainerItemProxy section */

/* Begin PBXFileReference section */
		F95230771A82730F000FB86F /* TabbyTabTab.app */ = {isa = PBXFileReference; explicitFileType = wrapper.application; includeInIndex = 0; path = TabbyTabTab.app; sourceTree = BUILT_PRODUCTS_DIR; };
		F952307B1A82730F000FB86F /* Info.plist */ = {isa = PBXFileReference; lastKnownFileType = text.plist.xml; path = Info.plist; sourceTree = "<group>"; };
		F952307C1A82730F000FB86F /* AppDelegate.swift */ = {isa = PBXFileReference; lastKnownFileType = sourcecode.swift; path = AppDelegate.swift; sourceTree = "<group>"; };
		F952307E1A82730F000FB86F /* ViewController.swift */ = {isa = PBXFileReference; lastKnownFileType = sourcecode.swift; path = ViewController.swift; sourceTree = "<group>"; };
		F95230811A82730F000FB86F /* Base */ = {isa = PBXFileReference; lastKnownFileType = file.storyboard; name = Base; path = Base.lproj/Main.storyboard; sourceTree = "<group>"; };
		F95230831A82730F000FB86F /* Images.xcassets */ = {isa = PBXFileReference; lastKnownFileType = folder.assetcatalog; path = Images.xcassets; sourceTree = "<group>"; };
		F95230861A82730F000FB86F /* Base */ = {isa = PBXFileReference; lastKnownFileType = file.xib; name = Base; path = Base.lproj/LaunchScreen.xib; sourceTree = "<group>"; };
		F952308C1A82730F000FB86F /* TabbyTabTabTests.xctest */ = {isa = PBXFileReference; explicitFileType = wrapper.cfbundle; includeInIndex = 0; path = TabbyTabTabTests.xctest; sourceTree = BUILT_PRODUCTS_DIR; };
		F95230911A82730F000FB86F /* Info.plist */ = {isa = PBXFileReference; lastKnownFileType = text.plist.xml; path = Info.plist; sourceTree = "<group>"; };
		F95230921A82730F000FB86F /* TabbyTabTabTests.swift */ = {isa = PBXFileReference; lastKnownFileType = sourcecode.swift; path = TabbyTabTabTests.swift; sourceTree = "<group>"; };
		F952309C1A8276BD000FB86F /* DownloadKittenViewController.swift */ = {isa = PBXFileReference; fileEncoding = 4; lastKnownFileType = sourcecode.swift; path = DownloadKittenViewController.swift; sourceTree = "<group>"; };
		F952309E1A8276D4000FB86F /* DisplayKittenViewController.swift */ = {isa = PBXFileReference; fileEncoding = 4; lastKnownFileType = sourcecode.swift; path = DisplayKittenViewController.swift; sourceTree = "<group>"; };
/* End PBXFileReference section */

/* Begin PBXFrameworksBuildPhase section */
		F95230741A82730F000FB86F /* Frameworks */ = {
			isa = PBXFrameworksBuildPhase;
			buildActionMask = 2147483647;
			files = (
			);
			runOnlyForDeploymentPostprocessing = 0;
		};
		F95230891A82730F000FB86F /* Frameworks */ = {
			isa = PBXFrameworksBuildPhase;
			buildActionMask = 2147483647;
			files = (
			);
			runOnlyForDeploymentPostprocessing = 0;
		};
/* End PBXFrameworksBuildPhase section */

/* Begin PBXGroup section */
		F952306E1A82730F000FB86F = {
			isa = PBXGroup;
			children = (
				F95230791A82730F000FB86F /* TabbyTabTab */,
				F952308F1A82730F000FB86F /* TabbyTabTabTests */,
				F95230781A82730F000FB86F /* Products */,
			);
			sourceTree = "<group>";
		};
		F95230781A82730F000FB86F /* Products */ = {
			isa = PBXGroup;
			children = (
				F95230771A82730F000FB86F /* TabbyTabTab.app */,
				F952308C1A82730F000FB86F /* TabbyTabTabTests.xctest */,
			);
			name = Products;
			sourceTree = "<group>";
		};
		F95230791A82730F000FB86F /* TabbyTabTab */ = {
			isa = PBXGroup;
			children = (
				F952307C1A82730F000FB86F /* AppDelegate.swift */,
				F952307E1A82730F000FB86F /* ViewController.swift */,
				F95230801A82730F000FB86F /* Main.storyboard */,
				F952309C1A8276BD000FB86F /* DownloadKittenViewController.swift */,
				F952309E1A8276D4000FB86F /* DisplayKittenViewController.swift */,
				F95230831A82730F000FB86F /* Images.xcassets */,
				F95230851A82730F000FB86F /* LaunchScreen.xib */,
				F952307A1A82730F000FB86F /* Supporting Files */,
			);
			path = TabbyTabTab;
			sourceTree = "<group>";
		};
		F952307A1A82730F000FB86F /* Supporting Files */ = {
			isa = PBXGroup;
			children = (
				F952307B1A82730F000FB86F /* Info.plist */,
			);
			name = "Supporting Files";
			sourceTree = "<group>";
		};
		F952308F1A82730F000FB86F /* TabbyTabTabTests */ = {
			isa = PBXGroup;
			children = (
				F95230921A82730F000FB86F /* TabbyTabTabTests.swift */,
				F95230901A82730F000FB86F /* Supporting Files */,
			);
			path = TabbyTabTabTests;
			sourceTree = "<group>";
		};
		F95230901A82730F000FB86F /* Supporting Files */ = {
			isa = PBXGroup;
			children = (
				F95230911A82730F000FB86F /* Info.plist */,
			);
			name = "Supporting Files";
			sourceTree = "<group>";
		};
/* End PBXGroup section */

/* Begin PBXNativeTarget section */
		F95230761A82730F000FB86F /* TabbyTabTab */ = {
			isa = PBXNativeTarget;
			buildConfigurationList = F95230961A82730F000FB86F /* Build configuration list for PBXNativeTarget "TabbyTabTab" */;
			buildPhases = (
				F95230731A82730F000FB86F /* Sources */,
				F95230741A82730F000FB86F /* Frameworks */,
				F95230751A82730F000FB86F /* Resources */,
			);
			buildRules = (
			);
			dependencies = (
			);
			name = TabbyTabTab;
			productName = TabbyTabTab;
			productReference = F95230771A82730F000FB86F /* TabbyTabTab.app */;
			productType = "com.apple.product-type.application";
		};
		F952308B1A82730F000FB86F /* TabbyTabTabTests */ = {
			isa = PBXNativeTarget;
			buildConfigurationList = F95230991A82730F000FB86F /* Build configuration list for PBXNativeTarget "TabbyTabTabTests" */;
			buildPhases = (
				F95230881A82730F000FB86F /* Sources */,
				F95230891A82730F000FB86F /* Frameworks */,
				F952308A1A82730F000FB86F /* Resources */,
			);
			buildRules = (
			);
			dependencies = (
				F952308E1A82730F000FB86F /* PBXTargetDependency */,
			);
			name = TabbyTabTabTests;
			productName = TabbyTabTabTests;
			productReference = F952308C1A82730F000FB86F /* TabbyTabTabTests.xctest */;
			productType = "com.apple.product-type.bundle.unit-test";
		};
/* End PBXNativeTarget section */

/* Begin PBXProject section */
		F952306F1A82730F000FB86F /* Project object */ = {
			isa = PBXProject;
			attributes = {
				LastUpgradeCheck = 0610;
				ORGANIZATIONNAME = MobileMakers;
				TargetAttributes = {
					F95230761A82730F000FB86F = {
						CreatedOnToolsVersion = 6.1.1;
					};
					F952308B1A82730F000FB86F = {
						CreatedOnToolsVersion = 6.1.1;
						TestTargetID = F95230761A82730F000FB86F;
					};
				};
			};
			buildConfigurationList = F95230721A82730F000FB86F /* Build configuration list for PBXProject "TabbyTabTab" */;
			compatibilityVersion = "Xcode 3.2";
			developmentRegion = English;
			hasScannedForEncodings = 0;
			knownRegions = (
				en,
				Base,
			);
			mainGroup = F952306E1A82730F000FB86F;
			productRefGroup = F95230781A82730F000FB86F /* Products */;
			projectDirPath = "";
			projectRoot = "";
			targets = (
				F95230761A82730F000FB86F /* TabbyTabTab */,
				F952308B1A82730F000FB86F /* TabbyTabTabTests */,
			);
		};
/* End PBXProject section */

/* Begin PBXResourcesBuildPhase section */
		F95230751A82730F000FB86F /* Resources */ = {
			isa = PBXResourcesBuildPhase;
			buildActionMask = 2147483647;
			files = (
				F95230821A82730F000FB86F /* Main.storyboard in Resources */,
				F95230871A82730F000FB86F /* LaunchScreen.xib in Resources */,
				F95230841A82730F000FB86F /* Images.xcassets in Resources */,
			);
			runOnlyForDeploymentPostprocessing = 0;
		};
		F952308A1A82730F000FB86F /* Resources */ = {
			isa = PBXResourcesBuildPhase;
			buildActionMask = 2147483647;
			files = (
			);
			runOnlyForDeploymentPostprocessing = 0;
		};
/* End PBXResourcesBuildPhase section */

/* Begin PBXSourcesBuildPhase section */
		F95230731A82730F000FB86F /* Sources */ = {
			isa = PBXSourcesBuildPhase;
			buildActionMask = 2147483647;
			files = (
				F952309F1A8276D4000FB86F /* DisplayKittenViewController.swift in Sources */,
				F952307F1A82730F000FB86F /* ViewController.swift in Sources */,
				F952307D1A82730F000FB86F /* AppDelegate.swift in Sources */,
				F952309D1A8276BD000FB86F /* DownloadKittenViewController.swift in Sources */,
			);
			runOnlyForDeploymentPostprocessing = 0;
		};
		F95230881A82730F000FB86F /* Sources */ = {
			isa = PBXSourcesBuildPhase;
			buildActionMask = 2147483647;
			files = (
				F95230931A82730F000FB86F /* TabbyTabTabTests.swift in Sources */,
			);
			runOnlyForDeploymentPostprocessing = 0;
		};
/* End PBXSourcesBuildPhase section */

/* Begin PBXTargetDependency section */
		F952308E1A82730F000FB86F /* PBXTargetDependency */ = {
			isa = PBXTargetDependency;
			target = F95230761A82730F000FB86F /* TabbyTabTab */;
			targetProxy = F952308D1A82730F000FB86F /* PBXContainerItemProxy */;
		};
/* End PBXTargetDependency section */

/* Begin PBXVariantGroup section */
		F95230801A82730F000FB86F /* Main.storyboard */ = {
			isa = PBXVariantGroup;
			children = (
				F95230811A82730F000FB86F /* Base */,
			);
			name = Main.storyboard;
			sourceTree = "<group>";
		};
		F95230851A82730F000FB86F /* LaunchScreen.xib */ = {
			isa = PBXVariantGroup;
			children = (
				F95230861A82730F000FB86F /* Base */,
			);
			name = LaunchScreen.xib;
			sourceTree = "<group>";
		};
/* End PBXVariantGroup section */

/* Begin XCBuildConfiguration section */
		F95230941A82730F000FB86F /* Debug */ = {
			isa = XCBuildConfiguration;
			buildSettings = {
				ALWAYS_SEARCH_USER_PATHS = NO;
				CLANG_CXX_LANGUAGE_STANDARD = "gnu++0x";
				CLANG_CXX_LIBRARY = "libc++";
				CLANG_ENABLE_MODULES = YES;
				CLANG_ENABLE_OBJC_ARC = YES;
				CLANG_WARN_BOOL_CONVERSION = YES;
				CLANG_WARN_CONSTANT_CONVERSION = YES;
				CLANG_WARN_DIRECT_OBJC_ISA_USAGE = YES_ERROR;
				CLANG_WARN_EMPTY_BODY = YES;
				CLANG_WARN_ENUM_CONVERSION = YES;
				CLANG_WARN_INT_CONVERSION = YES;
				CLANG_WARN_OBJC_ROOT_CLASS = YES_ERROR;
				CLANG_WARN_UNREACHABLE_CODE = YES;
				CLANG_WARN__DUPLICATE_METHOD_MATCH = YES;
				"CODE_SIGN_IDENTITY[sdk=iphoneos*]" = "iPhone Developer";
				COPY_PHASE_STRIP = NO;
				ENABLE_STRICT_OBJC_MSGSEND = YES;
				GCC_C_LANGUAGE_STANDARD = gnu99;
				GCC_DYNAMIC_NO_PIC = NO;
				GCC_OPTIMIZATION_LEVEL = 0;
				GCC_PREPROCESSOR_DEFINITIONS = (
					"DEBUG=1",
					"$(inherited)",
				);
				GCC_SYMBOLS_PRIVATE_EXTERN = NO;
				GCC_WARN_64_TO_32_BIT_CONVERSION = YES;
				GCC_WARN_ABOUT_RETURN_TYPE = YES_ERROR;
				GCC_WARN_UNDECLARED_SELECTOR = YES;
				GCC_WARN_UNINITIALIZED_AUTOS = YES_AGGRESSIVE;
				GCC_WARN_UNUSED_FUNCTION = YES;
				GCC_WARN_UNUSED_VARIABLE = YES;
				IPHONEOS_DEPLOYMENT_TARGET = 8.1;
				MTL_ENABLE_DEBUG_INFO = YES;
				ONLY_ACTIVE_ARCH = YES;
				SDKROOT = iphoneos;
				SWIFT_OPTIMIZATION_LEVEL = "-Onone";
			};
			name = Debug;
		};
		F95230951A82730F000FB86F /* Release */ = {
			isa = XCBuildConfiguration;
			buildSettings = {
				ALWAYS_SEARCH_USER_PATHS = NO;
				CLANG_CXX_LANGUAGE_STANDARD = "gnu++0x";
				CLANG_CXX_LIBRARY = "libc++";
				CLANG_ENABLE_MODULES = YES;
				CLANG_ENABLE_OBJC_ARC = YES;
				CLANG_WARN_BOOL_CONVERSION = YES;
				CLANG_WARN_CONSTANT_CONVERSION = YES;
				CLANG_WARN_DIRECT_OBJC_ISA_USAGE = YES_ERROR;
				CLANG_WARN_EMPTY_BODY = YES;
				CLANG_WARN_ENUM_CONVERSION = YES;
				CLANG_WARN_INT_CONVERSION = YES;
				CLANG_WARN_OBJC_ROOT_CLASS = YES_ERROR;
				CLANG_WARN_UNREACHABLE_CODE = YES;
				CLANG_WARN__DUPLICATE_METHOD_MATCH = YES;
				"CODE_SIGN_IDENTITY[sdk=iphoneos*]" = "iPhone Developer";
				COPY_PHASE_STRIP = YES;
				ENABLE_NS_ASSERTIONS = NO;
				ENABLE_STRICT_OBJC_MSGSEND = YES;
				GCC_C_LANGUAGE_STANDARD = gnu99;
				GCC_WARN_64_TO_32_BIT_CONVERSION = YES;
				GCC_WARN_ABOUT_RETURN_TYPE = YES_ERROR;
				GCC_WARN_UNDECLARED_SELECTOR = YES;
				GCC_WARN_UNINITIALIZED_AUTOS = YES_AGGRESSIVE;
				GCC_WARN_UNUSED_FUNCTION = YES;
				GCC_WARN_UNUSED_VARIABLE = YES;
				IPHONEOS_DEPLOYMENT_TARGET = 8.1;
				MTL_ENABLE_DEBUG_INFO = NO;
				SDKROOT = iphoneos;
				VALIDATE_PRODUCT = YES;
			};
			name = Release;
		};
		F95230971A82730F000FB86F /* Debug */ = {
			isa = XCBuildConfiguration;
			buildSettings = {
				ASSETCATALOG_COMPILER_APPICON_NAME = AppIcon;
				INFOPLIST_FILE = TabbyTabTab/Info.plist;
				LD_RUNPATH_SEARCH_PATHS = "$(inherited) @executable_path/Frameworks";
				PRODUCT_NAME = "$(TARGET_NAME)";
			};
			name = Debug;
		};
		F95230981A82730F000FB86F /* Release */ = {
			isa = XCBuildConfiguration;
			buildSettings = {
				ASSETCATALOG_COMPILER_APPICON_NAME = AppIcon;
				INFOPLIST_FILE = TabbyTabTab/Info.plist;
				LD_RUNPATH_SEARCH_PATHS = "$(inherited) @executable_path/Frameworks";
				PRODUCT_NAME = "$(TARGET_NAME)";
			};
			name = Release;
		};
		F952309A1A82730F000FB86F /* Debug */ = {
			isa = XCBuildConfiguration;
			buildSettings = {
				BUNDLE_LOADER = "$(TEST_HOST)";
				FRAMEWORK_SEARCH_PATHS = (
					"$(SDKROOT)/Developer/Library/Frameworks",
					"$(inherited)",
				);
				GCC_PREPROCESSOR_DEFINITIONS = (
					"DEBUG=1",
					"$(inherited)",
				);
				INFOPLIST_FILE = TabbyTabTabTests/Info.plist;
				LD_RUNPATH_SEARCH_PATHS = "$(inherited) @executable_path/Frameworks @loader_path/Frameworks";
				PRODUCT_NAME = "$(TARGET_NAME)";
				TEST_HOST = "$(BUILT_PRODUCTS_DIR)/TabbyTabTab.app/TabbyTabTab";
			};
			name = Debug;
		};
		F952309B1A82730F000FB86F /* Release */ = {
			isa = XCBuildConfiguration;
			buildSettings = {
				BUNDLE_LOADER = "$(TEST_HOST)";
				FRAMEWORK_SEARCH_PATHS = (
					"$(SDKROOT)/Developer/Library/Frameworks",
					"$(inherited)",
				);
				INFOPLIST_FILE = TabbyTabTabTests/Info.plist;
				LD_RUNPATH_SEARCH_PATHS = "$(inherited) @executable_path/Frameworks @loader_path/Frameworks";
				PRODUCT_NAME = "$(TARGET_NAME)";
				TEST_HOST = "$(BUILT_PRODUCTS_DIR)/TabbyTabTab.app/TabbyTabTab";
			};
			name = Release;
		};
/* End XCBuildConfiguration section */

/* Begin XCConfigurationList section */
		F95230721A82730F000FB86F /* Build configuration list for PBXProject "TabbyTabTab" */ = {
			isa = XCConfigurationList;
			buildConfigurations = (
				F95230941A82730F000FB86F /* Debug */,
				F95230951A82730F000FB86F /* Release */,
			);
			defaultConfigurationIsVisible = 0;
			defaultConfigurationName = Release;
		};
		F95230961A82730F000FB86F /* Build configuration list for PBXNativeTarget "TabbyTabTab" */ = {
			isa = XCConfigurationList;
			buildConfigurations = (
				F95230971A82730F000FB86F /* Debug */,
				F95230981A82730F000FB86F /* Release */,
			);
			defaultConfigurationIsVisible = 0;
		};
		F95230991A82730F000FB86F /* Build configuration list for PBXNativeTarget "TabbyTabTabTests" */ = {
			isa = XCConfigurationList;
			buildConfigurations = (
				F952309A1A82730F000FB86F /* Debug */,
				F952309B1A82730F000FB86F /* Release */,
			);
			defaultConfigurationIsVisible = 0;
		};
/* End XCConfigurationList section */
	};
	rootObject = F952306F1A82730F000FB86F /* Project object */;
}
